
Microsoft Visual Studio Solution File, Format Version 12.00
# Visual Studio Version 16
VisualStudioVersion = 16.0.30114.105
MinimumVisualStudioVersion = 10.0.40219.1
Project("{2150E333-8FDC-42A3-9474-1A3956D46DE8}") = "Lab1", "Lab1", "{CBD25534-9915-44D9-8802-045225CDC9AF}"
EndProject
Project("{FAE04EC0-301F-11D3-BF4B-00C04F79EFBC}") = "Lab1", "Lab1\Lab1.csproj", "{F733D8EA-403C-437A-9782-2BAE3CB9F3FF}"
EndProject
Project("{2150E333-8FDC-42A3-9474-1A3956D46DE8}") = "Lab2", "Lab2", "{9EE6AB0A-53F6-4319-AD19-DCF3BE37190A}"
EndProject
Project("{FAE04EC0-301F-11D3-BF4B-00C04F79EFBC}") = "Lab2", "Lab2\Lab2\Lab2.csproj", "{FD728779-F5F5-4CDF-98D4-40B93FE50907}"
EndProject
Project("{2150E333-8FDC-42A3-9474-1A3956D46DE8}") = "Lab3", "Lab3", "{5D72FF12-F16F-4815-98E8-6CECD438595B}"
EndProject
Project("{FAE04EC0-301F-11D3-BF4B-00C04F79EFBC}") = "Lab3", "Lab3\Lab3.csproj", "{93F658F0-EB10-4FFE-9ED9-EAFDD912A4CB}"
EndProject
Project("{2150E333-8FDC-42A3-9474-1A3956D46DE8}") = "Lab4", "Lab4", "{0ECEE399-D3E9-427C-92BA-B016D98E3DE4}"
EndProject
Project("{FAE04EC0-301F-11D3-BF4B-00C04F79EFBC}") = "Lab4", "Lab4\Lab4.csproj", "{1E2359A6-9D2D-4B5A-8A46-1E49F3A171E7}"
EndProject
Project("{2150E333-8FDC-42A3-9474-1A3956D46DE8}") = "Lab5", "Lab5", "{56F6A807-9EFD-496A-A903-56AF9703456A}"
EndProject
Project("{FAE04EC0-301F-11D3-BF4B-00C04F79EFBC}") = "Lab5", "Lab5\Lab5.csproj", "{B5A94306-8A10-41B9-9BDF-B66708480A6F}"
EndProject
Project("{2150E333-8FDC-42A3-9474-1A3956D46DE8}") = "Lab6", "Lab6", "{AA4BEE30-AA43-43D1-8FB4-C61381BD486A}"
EndProject
Project("{FAE04EC0-301F-11D3-BF4B-00C04F79EFBC}") = "Lab6", "Lab6\Lab6.csproj", "{59C099B7-1ADA-41B1-BB84-E6F677649E29}"
EndProject
Project("{2150E333-8FDC-42A3-9474-1A3956D46DE8}") = "Lab7", "Lab7", "{E753DE7E-939C-4E79-888D-51598E421DE6}"
EndProject
Project("{FAE04EC0-301F-11D3-BF4B-00C04F79EFBC}") = "Lab7", "Lab7\Lab7.csproj", "{C9FACDA8-AC77-4FBC-B8EE-D17C059E8EC7}"
EndProject
Global
	GlobalSection(SolutionConfigurationPlatforms) = preSolution
		Debug|Any CPU = Debug|Any CPU
		Release|Any CPU = Release|Any CPU
	EndGlobalSection
	GlobalSection(SolutionProperties) = preSolution
		HideSolutionNode = FALSE
	EndGlobalSection
	GlobalSection(NestedProjects) = preSolution
		{F733D8EA-403C-437A-9782-2BAE3CB9F3FF} = {CBD25534-9915-44D9-8802-045225CDC9AF}
		{FD728779-F5F5-4CDF-98D4-40B93FE50907} = {9EE6AB0A-53F6-4319-AD19-DCF3BE37190A}
		{93F658F0-EB10-4FFE-9ED9-EAFDD912A4CB} = {5D72FF12-F16F-4815-98E8-6CECD438595B}
		{1E2359A6-9D2D-4B5A-8A46-1E49F3A171E7} = {0ECEE399-D3E9-427C-92BA-B016D98E3DE4}
		{B5A94306-8A10-41B9-9BDF-B66708480A6F} = {56F6A807-9EFD-496A-A903-56AF9703456A}
		{59C099B7-1ADA-41B1-BB84-E6F677649E29} = {AA4BEE30-AA43-43D1-8FB4-C61381BD486A}
		{C9FACDA8-AC77-4FBC-B8EE-D17C059E8EC7} = {E753DE7E-939C-4E79-888D-51598E421DE6}
	EndGlobalSection
	GlobalSection(ProjectConfigurationPlatforms) = postSolution
		{F733D8EA-403C-437A-9782-2BAE3CB9F3FF}.Debug|Any CPU.ActiveCfg = Debug|Any CPU
		{F733D8EA-403C-437A-9782-2BAE3CB9F3FF}.Debug|Any CPU.Build.0 = Debug|Any CPU
		{F733D8EA-403C-437A-9782-2BAE3CB9F3FF}.Release|Any CPU.ActiveCfg = Release|Any CPU
		{F733D8EA-403C-437A-9782-2BAE3CB9F3FF}.Release|Any CPU.Build.0 = Release|Any CPU
		{FD728779-F5F5-4CDF-98D4-40B93FE50907}.Debug|Any CPU.ActiveCfg = Debug|Any CPU
		{FD728779-F5F5-4CDF-98D4-40B93FE50907}.Debug|Any CPU.Build.0 = Debug|Any CPU
		{FD728779-F5F5-4CDF-98D4-40B93FE50907}.Release|Any CPU.ActiveCfg = Release|Any CPU
		{FD728779-F5F5-4CDF-98D4-40B93FE50907}.Release|Any CPU.Build.0 = Release|Any CPU
		{93F658F0-EB10-4FFE-9ED9-EAFDD912A4CB}.Debug|Any CPU.ActiveCfg = Debug|Any CPU
		{93F658F0-EB10-4FFE-9ED9-EAFDD912A4CB}.Debug|Any CPU.Build.0 = Debug|Any CPU
		{93F658F0-EB10-4FFE-9ED9-EAFDD912A4CB}.Release|Any CPU.ActiveCfg = Release|Any CPU
		{93F658F0-EB10-4FFE-9ED9-EAFDD912A4CB}.Release|Any CPU.Build.0 = Release|Any CPU
		{1E2359A6-9D2D-4B5A-8A46-1E49F3A171E7}.Debug|Any CPU.ActiveCfg = Debug|Any CPU
		{1E2359A6-9D2D-4B5A-8A46-1E49F3A171E7}.Debug|Any CPU.Build.0 = Debug|Any CPU
		{1E2359A6-9D2D-4B5A-8A46-1E49F3A171E7}.Release|Any CPU.ActiveCfg = Release|Any CPU
		{1E2359A6-9D2D-4B5A-8A46-1E49F3A171E7}.Release|Any CPU.Build.0 = Release|Any CPU
		{B5A94306-8A10-41B9-9BDF-B66708480A6F}.Debug|Any CPU.ActiveCfg = Debug|Any CPU
		{B5A94306-8A10-41B9-9BDF-B66708480A6F}.Debug|Any CPU.Build.0 = Debug|Any CPU
		{B5A94306-8A10-41B9-9BDF-B66708480A6F}.Release|Any CPU.ActiveCfg = Release|Any CPU
		{B5A94306-8A10-41B9-9BDF-B66708480A6F}.Release|Any CPU.Build.0 = Release|Any CPU
		{59C099B7-1ADA-41B1-BB84-E6F677649E29}.Debug|Any CPU.ActiveCfg = Debug|Any CPU
		{59C099B7-1ADA-41B1-BB84-E6F677649E29}.Debug|Any CPU.Build.0 = Debug|Any CPU
		{59C099B7-1ADA-41B1-BB84-E6F677649E29}.Release|Any CPU.ActiveCfg = Release|Any CPU
		{59C099B7-1ADA-41B1-BB84-E6F677649E29}.Release|Any CPU.Build.0 = Release|Any CPU
		{C9FACDA8-AC77-4FBC-B8EE-D17C059E8EC7}.Debug|Any CPU.ActiveCfg = Debug|Any CPU
		{C9FACDA8-AC77-4FBC-B8EE-D17C059E8EC7}.Debug|Any CPU.Build.0 = Debug|Any CPU
		{C9FACDA8-AC77-4FBC-B8EE-D17C059E8EC7}.Release|Any CPU.ActiveCfg = Release|Any CPU
		{C9FACDA8-AC77-4FBC-B8EE-D17C059E8EC7}.Release|Any CPU.Build.0 = Release|Any CPU
	EndGlobalSection
EndGlobal
