
Microsoft Visual Studio Solution File, Format Version 12.00
# Visual Studio Version 16
VisualStudioVersion = 16.0.30114.105
MinimumVisualStudioVersion = 10.0.40219.1
Project("{2150E333-8FDC-42A3-9474-1A3956D46DE8}") = "Lab1", "Lab1", "{CBD25534-9915-44D9-8802-045225CDC9AF}"
EndProject
Project("{FAE04EC0-301F-11D3-BF4B-00C04F79EFBC}") = "Lab1", "Lab1\Lab1.csproj", "{F733D8EA-403C-437A-9782-2BAE3CB9F3FF}"
EndProject
Project("{2150E333-8FDC-42A3-9474-1A3956D46DE8}") = "Lab2", "Lab2", "{9EE6AB0A-53F6-4319-AD19-DCF3BE37190A}"
EndProject
Project("{FAE04EC0-301F-11D3-BF4B-00C04F79EFBC}") = "Lab2", "Lab2\Lab2\Lab2.csproj", "{FD728779-F5F5-4CDF-98D4-40B93FE50907}"
EndProject
Global
	GlobalSection(SolutionConfigurationPlatforms) = preSolution
		Debug|Any CPU = Debug|Any CPU
		Release|Any CPU = Release|Any CPU
	EndGlobalSection
	GlobalSection(SolutionProperties) = preSolution
		HideSolutionNode = FALSE
	EndGlobalSection
	GlobalSection(NestedProjects) = preSolution
		{F733D8EA-403C-437A-9782-2BAE3CB9F3FF} = {CBD25534-9915-44D9-8802-045225CDC9AF}
		{FD728779-F5F5-4CDF-98D4-40B93FE50907} = {9EE6AB0A-53F6-4319-AD19-DCF3BE37190A}
	EndGlobalSection
	GlobalSection(ProjectConfigurationPlatforms) = postSolution
		{F733D8EA-403C-437A-9782-2BAE3CB9F3FF}.Debug|Any CPU.ActiveCfg = Debug|Any CPU
		{F733D8EA-403C-437A-9782-2BAE3CB9F3FF}.Debug|Any CPU.Build.0 = Debug|Any CPU
		{F733D8EA-403C-437A-9782-2BAE3CB9F3FF}.Release|Any CPU.ActiveCfg = Release|Any CPU
		{F733D8EA-403C-437A-9782-2BAE3CB9F3FF}.Release|Any CPU.Build.0 = Release|Any CPU
		{FD728779-F5F5-4CDF-98D4-40B93FE50907}.Debug|Any CPU.ActiveCfg = Debug|Any CPU
		{FD728779-F5F5-4CDF-98D4-40B93FE50907}.Debug|Any CPU.Build.0 = Debug|Any CPU
		{FD728779-F5F5-4CDF-98D4-40B93FE50907}.Release|Any CPU.ActiveCfg = Release|Any CPU
		{FD728779-F5F5-4CDF-98D4-40B93FE50907}.Release|Any CPU.Build.0 = Release|Any CPU
	EndGlobalSection
EndGlobal
